
Microsoft Visual Studio Solution File, Format Version 12.00
# Visual Studio Version 16
VisualStudioVersion = 16.0.30413.136
MinimumVisualStudioVersion = 10.0.40219.1
Project("{FAE04EC0-301F-11D3-BF4B-00C04F79EFBC}") = "MMABooksTools", "MMABooksTools\MMABooksTools.csproj", "{093A5820-F332-4C51-93C0-1AA9597DB6A6}"
EndProject
Project("{FAE04EC0-301F-11D3-BF4B-00C04F79EFBC}") = "MMABooksBusiness", "MMABooksBusiness\MMABooksBusiness.csproj", "{665CB8EF-B81D-40A8-BE3D-B6AC97B4ED07}"
EndProject
Project("{FAE04EC0-301F-11D3-BF4B-00C04F79EFBC}") = "MMABooksProps", "MMABooksProps\MMABooksProps.csproj", "{60DE70AE-5637-4CE8-B277-B03ED4A92B0E}"
EndProject
Project("{FAE04EC0-301F-11D3-BF4B-00C04F79EFBC}") = "MMABooksDB", "MMABooksDB\MMABooksDB.csproj", "{E6F05B7A-F5FD-4DBD-89A7-45C6AC03B7CE}"
EndProject
Project("{FAE04EC0-301F-11D3-BF4B-00C04F79EFBC}") = "MMABooksTests", "MMABooksTests\MMABooksTests.csproj", "{67BC10F2-0734-4179-ADAC-95CCD988A883}"
EndProject
Global
	GlobalSection(SolutionConfigurationPlatforms) = preSolution
		Debug|Any CPU = Debug|Any CPU
		Release|Any CPU = Release|Any CPU
	EndGlobalSection
	GlobalSection(ProjectConfigurationPlatforms) = postSolution
		{093A5820-F332-4C51-93C0-1AA9597DB6A6}.Debug|Any CPU.ActiveCfg = Debug|Any CPU
		{093A5820-F332-4C51-93C0-1AA9597DB6A6}.Debug|Any CPU.Build.0 = Debug|Any CPU
		{093A5820-F332-4C51-93C0-1AA9597DB6A6}.Release|Any CPU.ActiveCfg = Release|Any CPU
		{093A5820-F332-4C51-93C0-1AA9597DB6A6}.Release|Any CPU.Build.0 = Release|Any CPU
		{665CB8EF-B81D-40A8-BE3D-B6AC97B4ED07}.Debug|Any CPU.ActiveCfg = Debug|Any CPU
		{665CB8EF-B81D-40A8-BE3D-B6AC97B4ED07}.Debug|Any CPU.Build.0 = Debug|Any CPU
		{665CB8EF-B81D-40A8-BE3D-B6AC97B4ED07}.Release|Any CPU.ActiveCfg = Release|Any CPU
		{665CB8EF-B81D-40A8-BE3D-B6AC97B4ED07}.Release|Any CPU.Build.0 = Release|Any CPU
		{60DE70AE-5637-4CE8-B277-B03ED4A92B0E}.Debug|Any CPU.ActiveCfg = Debug|Any CPU
		{60DE70AE-5637-4CE8-B277-B03ED4A92B0E}.Debug|Any CPU.Build.0 = Debug|Any CPU
		{60DE70AE-5637-4CE8-B277-B03ED4A92B0E}.Release|Any CPU.ActiveCfg = Release|Any CPU
		{60DE70AE-5637-4CE8-B277-B03ED4A92B0E}.Release|Any CPU.Build.0 = Release|Any CPU
		{E6F05B7A-F5FD-4DBD-89A7-45C6AC03B7CE}.Debug|Any CPU.ActiveCfg = Debug|Any CPU
		{E6F05B7A-F5FD-4DBD-89A7-45C6AC03B7CE}.Debug|Any CPU.Build.0 = Debug|Any CPU
		{E6F05B7A-F5FD-4DBD-89A7-45C6AC03B7CE}.Release|Any CPU.ActiveCfg = Release|Any CPU
		{E6F05B7A-F5FD-4DBD-89A7-45C6AC03B7CE}.Release|Any CPU.Build.0 = Release|Any CPU
		{67BC10F2-0734-4179-ADAC-95CCD988A883}.Debug|Any CPU.ActiveCfg = Debug|Any CPU
		{67BC10F2-0734-4179-ADAC-95CCD988A883}.Debug|Any CPU.Build.0 = Debug|Any CPU
		{67BC10F2-0734-4179-ADAC-95CCD988A883}.Release|Any CPU.ActiveCfg = Release|Any CPU
		{67BC10F2-0734-4179-ADAC-95CCD988A883}.Release|Any CPU.Build.0 = Release|Any CPU
	EndGlobalSection
	GlobalSection(SolutionProperties) = preSolution
		HideSolutionNode = FALSE
	EndGlobalSection
	GlobalSection(ExtensibilityGlobals) = postSolution
		SolutionGuid = {139F6363-3E85-418B-B5A3-119602E64DF8}
	EndGlobalSection
EndGlobal
